{
  "version": 1,
  "dependencies": {
    "net10.0": {
      "Porta.Pty": {
        "type": "Direct",
        "requested": "[2.2.2, )",
        "resolved": "2.2.2",
        "contentHash": "wpKiHa3GOhgLpnu3bMAVJdAV+1Sek5bIgmuJrC04nl20T2VWBvoIq2+6aSOSora5pSRI9udo77F5IKLMcrk0rA==",
        "dependencies": {
          "Microsoft.Windows.Console.ConPTY": "1.24.260710001"
        }
      },
      "Microsoft.Windows.Console.ConPTY": {
        "type": "Transitive",
        "resolved": "1.24.260710001",
        "contentHash": "JR1xAkZbNnAALBjzFpqSwEx7YZfD1LI228jF9j9cgKknBPCiFy9mpphlgH+TpTN8vajTUpcgg9Miy5Y8eUAH9g=="
      }
    },
    "net10.0/win-x64": {
      "Porta.Pty": {
        "type": "Direct",
        "requested": "[2.2.2, )",
        "resolved": "2.2.2",
        "contentHash": "wpKiHa3GOhgLpnu3bMAVJdAV+1Sek5bIgmuJrC04nl20T2VWBvoIq2+6aSOSora5pSRI9udo77F5IKLMcrk0rA==",
        "dependencies": {
          "Microsoft.Windows.Console.ConPTY": "1.24.260710001"
        }
      },
      "Microsoft.Windows.Console.ConPTY": {
        "type": "Transitive",
        "resolved": "1.24.260710001",
        "contentHash": "JR1xAkZbNnAALBjzFpqSwEx7YZfD1LI228jF9j9cgKknBPCiFy9mpphlgH+TpTN8vajTUpcgg9Miy5Y8eUAH9g=="
      }
    }
  }
}